// !$*UTF8*$!
{
	archiveVersion = 1;
	classes = {
	};
	objectVersion = 46;
	objects = {

/* Begin PBXBuildFile section */
		2401EFC01E365FBF00F668F4 /* RunnerFile.cpp in Sources */ = {isa = PBXBuildFile; fileRef = 2401EFBE1E365FBF00F668F4 /* RunnerFile.cpp */; };
/* End PBXBuildFile section */

/* Begin PBXCopyFilesBuildPhase section */
		2401EFB21E365A4F00F668F4 /* CopyFiles */ = {
			isa = PBXCopyFilesBuildPhase;
			buildActionMask = 2147483647;
			dstPath = /usr/share/man/man1/;
			dstSubfolderSpec = 0;
			files = (
			);
			runOnlyForDeploymentPostprocessing = 1;
		};
/* End PBXCopyFilesBuildPhase section */

/* Begin PBXFileReference section */
		2401EFB41E365A5000F668F4 /* SampleFirstStupidNotHelloWorldProject */ = {isa = PBXFileReference; explicitFileType = "compiled.mach-o.executable"; includeInIndex = 0; path = SampleFirstStupidNotHelloWorldProject; sourceTree = BUILT_PRODUCTS_DIR; };
		2401EFBE1E365FBF00F668F4 /* RunnerFile.cpp */ = {isa = PBXFileReference; fileEncoding = 4; lastKnownFileType = sourcecode.cpp.cpp; name = RunnerFile.cpp; path = ../RunnerFile.cpp; sourceTree = "<group>"; };
/* End PBXFileReference section */

/* Begin PBXFrameworksBuildPhase section */
		2401EFB11E365A4F00F668F4 /* Frameworks */ = {
			isa = PBXFrameworksBuildPhase;
			buildActionMask = 2147483647;
			files = (
			);
			runOnlyForDeploymentPostprocessing = 0;
		};
/* End PBXFrameworksBuildPhase section */

/* Begin PBXGroup section */
		2401EFAB1E365A4F00F668F4 = {
			isa = PBXGroup;
			children = (
				2401EFB61E365A5000F668F4 /* SampleFirstStupidNotHelloWorldProject */,
				2401EFB51E365A5000F668F4 /* Products */,
			);
			sourceTree = "<group>";
		};
		2401EFB51E365A5000F668F4 /* Products */ = {
			isa = PBXGroup;
			children = (
				2401EFB41E365A5000F668F4 /* SampleFirstStupidNotHelloWorldProject */,
			);
			name = Products;
			sourceTree = "<group>";
		};
		2401EFB61E365A5000F668F4 /* SampleFirstStupidNotHelloWorldProject */ = {
			isa = PBXGroup;
			children = (
				2401EFBE1E365FBF00F668F4 /* RunnerFile.cpp */,
			);
			path = SampleFirstStupidNotHelloWorldProject;
			sourceTree = "<group>";
		};
/* End PBXGroup section */

/* Begin PBXNativeTarget section */
		2401EFB31E365A4F00F668F4 /* SampleFirstStupidNotHelloWorldProject */ = {
			isa = PBXNativeTarget;
			buildConfigurationList = 2401EFBB1E365A5000F668F4 /* Build configuration list for PBXNativeTarget "SampleFirstStupidNotHelloWorldProject" */;
			buildPhases = (
				2401EFB01E365A4F00F668F4 /* Sources */,
				2401EFB11E365A4F00F668F4 /* Frameworks */,
				2401EFB21E365A4F00F668F4 /* CopyFiles */,
			);
			buildRules = (
			);
			dependencies = (
			);
			name = SampleFirstStupidNotHelloWorldProject;
			productName = SampleFirstStupidNotHelloWorldProject;
			productReference = 2401EFB41E365A5000F668F4 /* SampleFirstStupidNotHelloWorldProject */;
			productType = "com.apple.product-type.tool";
		};
/* End PBXNativeTarget section */

/* Begin PBXProject section */
		2401EFAC1E365A4F00F668F4 /* Project object */ = {
			isa = PBXProject;
			attributes = {
				LastUpgradeCheck = 0810;
				ORGANIZATIONNAME = "Farr, Aaron";
				TargetAttributes = {
					2401EFB31E365A4F00F668F4 = {
						CreatedOnToolsVersion = 8.1;
						ProvisioningStyle = Automatic;
					};
				};
			};
			buildConfigurationList = 2401EFAF1E365A4F00F668F4 /* Build configuration list for PBXProject "SampleFirstStupidNotHelloWorldProject" */;
			compatibilityVersion = "Xcode 3.2";
			developmentRegion = English;
			hasScannedForEncodings = 0;
			knownRegions = (
				en,
			);
			mainGroup = 2401EFAB1E365A4F00F668F4;
			productRefGroup = 2401EFB51E365A5000F668F4 /* Products */;
			projectDirPath = "";
			projectRoot = "";
			targets = (
				2401EFB31E365A4F00F668F4 /* SampleFirstStupidNotHelloWorldProject */,
			);
		};
/* End PBXProject section */

/* Begin PBXSourcesBuildPhase section */
		2401EFB01E365A4F00F668F4 /* Sources */ = {
			isa = PBXSourcesBuildPhase;
			buildActionMask = 2147483647;
			files = (
				2401EFC01E365FBF00F668F4 /* RunnerFile.cpp in Sources */,
			);
			runOnlyForDeploymentPostprocessing = 0;
		};
/* End PBXSourcesBuildPhase section */

/* Begin XCBuildConfiguration section */
		2401EFB91E365A5000F668F4 /* Debug */ = {
			isa = XCBuildConfiguration;
			buildSettings = {
				ALWAYS_SEARCH_USER_PATHS = NO;
				CLANG_ANALYZER_NONNULL = YES;
				CLANG_CXX_LANGUAGE_STANDARD = "gnu++0x";
				CLANG_CXX_LIBRARY = "libc++";
				CLANG_ENABLE_MODULES = YES;
				CLANG_ENABLE_OBJC_ARC = YES;
				CLANG_WARN_BOOL_CONVERSION = YES;
				CLANG_WARN_CONSTANT_CONVERSION = YES;
				CLANG_WARN_DIRECT_OBJC_ISA_USAGE = YES_ERROR;
				CLANG_WARN_DOCUMENTATION_COMMENTS = YES;
				CLANG_WARN_EMPTY_BODY = YES;
				CLANG_WARN_ENUM_CONVERSION = YES;
				CLANG_WARN_INFINITE_RECURSION = YES;
				CLANG_WARN_INT_CONVERSION = YES;
				CLANG_WARN_OBJC_ROOT_CLASS = YES_ERROR;
				CLANG_WARN_SUSPICIOUS_MOVES = YES;
				CLANG_WARN_UNREACHABLE_CODE = YES;
				CLANG_WARN__DUPLICATE_METHOD_MATCH = YES;
				CODE_SIGN_IDENTITY = "-";
				COPY_PHASE_STRIP = NO;
				DEBUG_INFORMATION_FORMAT = dwarf;
				ENABLE_STRICT_OBJC_MSGSEND = YES;
				ENABLE_TESTABILITY = YES;
				GCC_C_LANGUAGE_STANDARD = gnu99;
				GCC_DYNAMIC_NO_PIC = NO;
				GCC_NO_COMMON_BLOCKS = YES;
				GCC_OPTIMIZATION_LEVEL = 0;
				GCC_PREPROCESSOR_DEFINITIONS = (
					"DEBUG=1",
					"$(inherited)",
				);
				GCC_WARN_64_TO_32_BIT_CONVERSION = YES;
				GCC_WARN_ABOUT_RETURN_TYPE = YES_ERROR;
				GCC_WARN_UNDECLARED_SELECTOR = YES;
				GCC_WARN_UNINITIALIZED_AUTOS = YES_AGGRESSIVE;
				GCC_WARN_UNUSED_FUNCTION = YES;
				GCC_WARN_UNUSED_VARIABLE = YES;
				MACOSX_DEPLOYMENT_TARGET = 10.11;
				MTL_ENABLE_DEBUG_INFO = YES;
				ONLY_ACTIVE_ARCH = YES;
				SDKROOT = macosx;
			};
			name = Debug;
		};
		2401EFBA1E365A5000F668F4 /* Release */ = {
			isa = XCBuildConfiguration;
			buildSettings = {
				ALWAYS_SEARCH_USER_PATHS = NO;
				CLANG_ANALYZER_NONNULL = YES;
				CLANG_CXX_LANGUAGE_STANDARD = "gnu++0x";
				CLANG_CXX_LIBRARY = "libc++";
				CLANG_ENABLE_MODULES = YES;
				CLANG_ENABLE_OBJC_ARC = YES;
				CLANG_WARN_BOOL_CONVERSION = YES;
				CLANG_WARN_CONSTANT_CONVERSION = YES;
				CLANG_WARN_DIRECT_OBJC_ISA_USAGE = YES_ERROR;
				CLANG_WARN_DOCUMENTATION_COMMENTS = YES;
				CLANG_WARN_EMPTY_BODY = YES;
				CLANG_WARN_ENUM_CONVERSION = YES;
				CLANG_WARN_INFINITE_RECURSION = YES;
				CLANG_WARN_INT_CONVERSION = YES;
				CLANG_WARN_OBJC_ROOT_CLASS = YES_ERROR;
				CLANG_WARN_SUSPICIOUS_MOVES = YES;
				CLANG_WARN_UNREACHABLE_CODE = YES;
				CLANG_WARN__DUPLICATE_METHOD_MATCH = YES;
				CODE_SIGN_IDENTITY = "-";
				COPY_PHASE_STRIP = NO;
				DEBUG_INFORMATION_FORMAT = "dwarf-with-dsym";
				ENABLE_NS_ASSERTIONS = NO;
				ENABLE_STRICT_OBJC_MSGSEND = YES;
				GCC_C_LANGUAGE_STANDARD = gnu99;
				GCC_NO_COMMON_BLOCKS = YES;
				GCC_WARN_64_TO_32_BIT_CONVERSION = YES;
				GCC_WARN_ABOUT_RETURN_TYPE = YES_ERROR;
				GCC_WARN_UNDECLARED_SELECTOR = YES;
				GCC_WARN_UNINITIALIZED_AUTOS = YES_AGGRESSIVE;
				GCC_WARN_UNUSED_FUNCTION = YES;
				GCC_WARN_UNUSED_VARIABLE = YES;
				MACOSX_DEPLOYMENT_TARGET = 10.11;
				MTL_ENABLE_DEBUG_INFO = NO;
				SDKROOT = macosx;
			};
			name = Release;
		};
		2401EFBC1E365A5000F668F4 /* Debug */ = {
			isa = XCBuildConfiguration;
			buildSettings = {
				PRODUCT_NAME = "$(TARGET_NAME)";
			};
			name = Debug;
		};
		2401EFBD1E365A5000F668F4 /* Release */ = {
			isa = XCBuildConfiguration;
			buildSettings = {
				PRODUCT_NAME = "$(TARGET_NAME)";
			};
			name = Release;
		};
/* End XCBuildConfiguration section */

/* Begin XCConfigurationList section */
		2401EFAF1E365A4F00F668F4 /* Build configuration list for PBXProject "SampleFirstStupidNotHelloWorldProject" */ = {
			isa = XCConfigurationList;
			buildConfigurations = (
				2401EFB91E365A5000F668F4 /* Debug */,
				2401EFBA1E365A5000F668F4 /* Release */,
			);
			defaultConfigurationIsVisible = 0;
			defaultConfigurationName = Release;
		};
		2401EFBB1E365A5000F668F4 /* Build configuration list for PBXNativeTarget "SampleFirstStupidNotHelloWorldProject" */ = {
			isa = XCConfigurationList;
			buildConfigurations = (
				2401EFBC1E365A5000F668F4 /* Debug */,
				2401EFBD1E365A5000F668F4 /* Release */,
			);
			defaultConfigurationIsVisible = 0;
		};
/* End XCConfigurationList section */
	};
	rootObject = 2401EFAC1E365A4F00F668F4 /* Project object */;
}
